<?xml version="1.0" encoding="utf-8"?>
<Project ToolsVersion="4.0" xmlns="http://schemas.microsoft.com/developer/msbuild/2003">
  <ItemGroup>
    <Filter Include="Source Files">
      <UniqueIdentifier>{00a74b1c-5f77-4134-b6f3-6890c536e8a4}</UniqueIdentifier>
    </Filter>
    <Filter Include="Shaders">
      <UniqueIdentifier>{16d83a7f-036f-4b58-aacd-0981ff925f97}</UniqueIdentifier>
    </Filter>
  </ItemGroup>
  <ItemGroup>
    <None Include="shaders\basic-gl2.vshader">
      <Filter>Shaders</Filter>
    </None>
    <None Include="shaders\basic-gl3.vshader">
      <Filter>Shaders</Filter>
    </None>
    <None Include="shaders\diffuse-gl2.fshader">
      <Filter>Shaders</Filter>
    </None>
    <None Include="shaders\diffuse-gl3.fshader">
      <Filter>Shaders</Filter>
    </None>
    <None Include="shaders\normal-gl2.fshader">
      <Filter>Shaders</Filter>
    </None>
    <None Include="shaders\normal-gl2.vshader">
      <Filter>Shaders</Filter>
    </None>
    <None Include="shaders\normal-gl3.fshader">
      <Filter>Shaders</Filter>
    </None>
    <None Include="shaders\normal-gl3.vshader">
      <Filter>Shaders</Filter>
    </None>
    <None Include="shaders\pick-gl2.fshader">
      <Filter>Shaders</Filter>
    </None>
    <None Include="shaders\pick-gl3.fshader">
      <Filter>Shaders</Filter>
    </None>
    <None Include="shaders\solid-gl2.fshader">
      <Filter>Shaders</Filter>
    </None>
    <None Include="shaders\solid-gl3.fshader">
      <Filter>Shaders</Filter>
    </None>
    <None Include="Fieldstone.ppm">
      <Filter>Source Files</Filter>
    </None>
    <None Include="FieldstoneNormal.ppm">
      <Filter>Source Files</Filter>
    </None>
  </ItemGroup>
  <ItemGroup>
    <ClInclude Include="arcball.h">
      <Filter>Source Files</Filter>
    </ClInclude>
    <ClInclude Include="asstcommon.h">
      <Filter>Source Files</Filter>
    </ClInclude>
    <ClInclude Include="cvec.h">
      <Filter>Source Files</Filter>
    </ClInclude>
    <ClInclude Include="drawer.h">
      <Filter>Source Files</Filter>
    </ClInclude>
    <ClInclude Include="geometry.h">
      <Filter>Source Files</Filter>
    </ClInclude>
    <ClInclude Include="geometrymaker.h">
      <Filter>Source Files</Filter>
    </ClInclude>
    <ClInclude Include="glsupport.h">
      <Filter>Source Files</Filter>
    </ClInclude>
    <ClInclude Include="material.h">
      <Filter>Source Files</Filter>
    </ClInclude>
    <ClInclude Include="matrix4.h">
      <Filter>Source Files</Filter>
    </ClInclude>
    <ClInclude Include="picker.h">
      <Filter>Source Files</Filter>
    </ClInclude>
    <ClInclude Include="ppm.h">
      <Filter>Source Files</Filter>
    </ClInclude>
    <ClInclude Include="quat.h">
      <Filter>Source Files</Filter>
    </ClInclude>
    <ClInclude Include="renderstates.h">
      <Filter>Source Files</Filter>
    </ClInclude>
    <ClInclude Include="rigtform.h">
      <Filter>Source Files</Filter>
    </ClInclude>
    <ClInclude Include="scenegraph.h">
      <Filter>Source Files</Filter>
    </ClInclude>
    <ClInclude Include="sgutils.h">
      <Filter>Source Files</Filter>
    </ClInclude>
    <ClInclude Include="texture.h">
      <Filter>Source Files</Filter>
    </ClInclude>
    <ClInclude Include="uniforms.h">
      <Filter>Source Files</Filter>
    </ClInclude>
  </ItemGroup>
  <ItemGroup>
    <ClCompile Include="asst6_5.cpp">
      <Filter>Source Files</Filter>
    </ClCompile>
    <ClCompile Include="geometry.cpp">
      <Filter>Source Files</Filter>
    </ClCompile>
    <ClCompile Include="glsupport.cpp">
      <Filter>Source Files</Filter>
    </ClCompile>
    <ClCompile Include="material.cpp">
      <Filter>Source Files</Filter>
    </ClCompile>
    <ClCompile Include="picker.cpp">
      <Filter>Source Files</Filter>
    </ClCompile>
    <ClCompile Include="ppm.cpp">
      <Filter>Source Files</Filter>
    </ClCompile>
    <ClCompile Include="renderstates.cpp">
      <Filter>Source Files</Filter>
    </ClCompile>
    <ClCompile Include="scenegraph.cpp">
      <Filter>Source Files</Filter>
    </ClCompile>
    <ClCompile Include="texture.cpp">
      <Filter>Source Files</Filter>
    </ClCompile>
  </ItemGroup>
</Project>